src
Microsoft Visual Studio Solution File, Format Version 12.00
# Visual Studio 15
VisualStudioVersion = 15.0.26124.0
MinimumVisualStudioVersion = 15.0.26124.0
Project("{2150E333-8FDC-42A3-9474-1A3956D46DE8}") = "src", "src", "{2C48EFB6-DFDA-48F0-A12F-DB4ACA0F07C9}"
EndProject
Project("{FAE04EC0-301F-11D3-BF4B-00C04F79EFBC}") = "pliantcv-json-engine.api", "src\pliantcv-json-engine.api\pliantcv-json-engine.api.csproj", "{6D073B81-7DB9-4670-BD92-48F5FD6FA7B8}"
EndProject
Project("{FAE04EC0-301F-11D3-BF4B-00C04F79EFBC}") = "pliantcv-json-engine.test", "tests\pliantcv-json-engine.test\pliantcv-json-engine.test.csproj", "{C10F068C-8AC4-4C0F-B906-FE4DA50AD082}"
EndProject
Global
	GlobalSection(SolutionConfigurationPlatforms) = preSolution
		Debug|Any CPU = Debug|Any CPU
		Debug|x64 = Debug|x64
		Debug|x86 = Debug|x86
		Release|Any CPU = Release|Any CPU
		Release|x64 = Release|x64
		Release|x86 = Release|x86
	EndGlobalSection
	GlobalSection(SolutionProperties) = preSolution
		HideSolutionNode = FALSE
	EndGlobalSection
	GlobalSection(ProjectConfigurationPlatforms) = postSolution
		{6D073B81-7DB9-4670-BD92-48F5FD6FA7B8}.Debug|Any CPU.ActiveCfg = Debug|Any CPU
		{6D073B81-7DB9-4670-BD92-48F5FD6FA7B8}.Debug|Any CPU.Build.0 = Debug|Any CPU
		{6D073B81-7DB9-4670-BD92-48F5FD6FA7B8}.Debug|x64.ActiveCfg = Debug|Any CPU
		{6D073B81-7DB9-4670-BD92-48F5FD6FA7B8}.Debug|x64.Build.0 = Debug|Any CPU
		{6D073B81-7DB9-4670-BD92-48F5FD6FA7B8}.Debug|x86.ActiveCfg = Debug|Any CPU
		{6D073B81-7DB9-4670-BD92-48F5FD6FA7B8}.Debug|x86.Build.0 = Debug|Any CPU
		{6D073B81-7DB9-4670-BD92-48F5FD6FA7B8}.Release|Any CPU.ActiveCfg = Release|Any CPU
		{6D073B81-7DB9-4670-BD92-48F5FD6FA7B8}.Release|Any CPU.Build.0 = Release|Any CPU
		{6D073B81-7DB9-4670-BD92-48F5FD6FA7B8}.Release|x64.ActiveCfg = Release|Any CPU
		{6D073B81-7DB9-4670-BD92-48F5FD6FA7B8}.Release|x64.Build.0 = Release|Any CPU
		{6D073B81-7DB9-4670-BD92-48F5FD6FA7B8}.Release|x86.ActiveCfg = Release|Any CPU
		{6D073B81-7DB9-4670-BD92-48F5FD6FA7B8}.Release|x86.Build.0 = Release|Any CPU
		{C10F068C-8AC4-4C0F-B906-FE4DA50AD082}.Debug|Any CPU.ActiveCfg = Debug|Any CPU
		{C10F068C-8AC4-4C0F-B906-FE4DA50AD082}.Debug|Any CPU.Build.0 = Debug|Any CPU
		{C10F068C-8AC4-4C0F-B906-FE4DA50AD082}.Debug|x64.ActiveCfg = Debug|Any CPU
		{C10F068C-8AC4-4C0F-B906-FE4DA50AD082}.Debug|x64.Build.0 = Debug|Any CPU
		{C10F068C-8AC4-4C0F-B906-FE4DA50AD082}.Debug|x86.ActiveCfg = Debug|Any CPU
		{C10F068C-8AC4-4C0F-B906-FE4DA50AD082}.Debug|x86.Build.0 = Debug|Any CPU
		{C10F068C-8AC4-4C0F-B906-FE4DA50AD082}.Release|Any CPU.ActiveCfg = Release|Any CPU
		{C10F068C-8AC4-4C0F-B906-FE4DA50AD082}.Release|Any CPU.Build.0 = Release|Any CPU
		{C10F068C-8AC4-4C0F-B906-FE4DA50AD082}.Release|x64.ActiveCfg = Release|Any CPU
		{C10F068C-8AC4-4C0F-B906-FE4DA50AD082}.Release|x64.Build.0 = Release|Any CPU
		{C10F068C-8AC4-4C0F-B906-FE4DA50AD082}.Release|x86.ActiveCfg = Release|Any CPU
		{C10F068C-8AC4-4C0F-B906-FE4DA50AD082}.Release|x86.Build.0 = Release|Any CPU
	EndGlobalSection
	GlobalSection(NestedProjects) = preSolution
		{6D073B81-7DB9-4670-BD92-48F5FD6FA7B8} = {2C48EFB6-DFDA-48F0-A12F-DB4ACA0F07C9}
		{C10F068C-8AC4-4C0F-B906-FE4DA50AD082} = {2C48EFB6-DFDA-48F0-A12F-DB4ACA0F07C9}
	EndGlobalSection
EndGlobal
